
Microsoft Visual Studio Solution File, Format Version 12.00
# Visual Studio Version 17
VisualStudioVersion = 17.3.32804.467
MinimumVisualStudioVersion = 10.0.40219.1
Project("{9A19103F-16F7-4668-BE54-9A1E7A4F7556}") = "TwitterStreamAnalytics.Api", "src\Api\TwitterStreamAnalytics.Api\TwitterStreamAnalytics.Api.csproj", "{ABB27936-3D38-4298-A52D-ACC4627359A7}"
EndProject
Project("{9A19103F-16F7-4668-BE54-9A1E7A4F7556}") = "TwitterStreamAnalytics.Api.Application", "src\Api\TwitterStreamAnalytics.Api.Application\TwitterStreamAnalytics.Api.Application.csproj", "{53C6C98E-BEA2-4515-80B7-5B3D931E4E9C}"
EndProject
Project("{9A19103F-16F7-4668-BE54-9A1E7A4F7556}") = "TwitterStreamAnalytics.Api.Infrastructure", "src\Api\TwitterStreamAnalytics.Api.Infrastructure\TwitterStreamAnalytics.Api.Infrastructure.csproj", "{CF15017C-1C81-429A-9782-722AE8B943CB}"
EndProject
Project("{2150E333-8FDC-42A3-9474-1A3956D46DE8}") = "Api", "Api", "{FEC5F89A-E479-431E-84CA-7ACB64CD5981}"
EndProject
Project("{2150E333-8FDC-42A3-9474-1A3956D46DE8}") = "Consumers", "Consumers", "{537C7FEF-032C-4607-BA78-79B4DA249F2E}"
EndProject
Project("{2150E333-8FDC-42A3-9474-1A3956D46DE8}") = "SharedKernel", "SharedKernel", "{DD318E6E-9F9D-49B8-8686-6A65D302D1CB}"
EndProject
Project("{9A19103F-16F7-4668-BE54-9A1E7A4F7556}") = "TwitterStreamAnalytics.Consumers.Application", "src\Consumers\TwitterStreamAnalytics.Consumers.Application\TwitterStreamAnalytics.Consumers.Application.csproj", "{58B693DD-F864-46C5-9C37-960F0FF53539}"
EndProject
Project("{9A19103F-16F7-4668-BE54-9A1E7A4F7556}") = "TwitterStreamAnalytics.Consumers.Domain", "src\Consumers\TwitterStreamAnalytics.Consumers.Domain\TwitterStreamAnalytics.Consumers.Domain.csproj", "{3C6B140C-F91E-47C1-BE64-86674B671AF2}"
EndProject
Project("{9A19103F-16F7-4668-BE54-9A1E7A4F7556}") = "TwitterStreamAnalytics.Consumers.Infrastructure", "src\Consumers\TwitterStreamAnalytics.Consumers.Infrastructure\TwitterStreamAnalytics.Consumers.Infrastructure.csproj", "{BF807870-7272-4F5B-B1FE-86F1D92485EF}"
EndProject
Project("{9A19103F-16F7-4668-BE54-9A1E7A4F7556}") = "TwitterStreamAnalytics.SharedKernel.Infrastructure.MessageBus.InMem", "src\SharedKernel\TwitterStreamAnalytics.SharedKernel.Infrastructure.MessageBus.InMem\TwitterStreamAnalytics.SharedKernel.Infrastructure.MessageBus.InMem.csproj", "{6D633FF5-8F36-426B-8E79-58689719AAE5}"
EndProject
Project("{9A19103F-16F7-4668-BE54-9A1E7A4F7556}") = "TwitterStreamAnalytics.SharedKernel.Infrastructure.Persistence.InMem", "src\SharedKernel\TwitterStreamAnalytics.SharedKernel.Infrastructure.Persistence.InMem\TwitterStreamAnalytics.SharedKernel.Infrastructure.Persistence.InMem.csproj", "{16126EDE-7A1C-4B22-96A9-DFF0BDF9800A}"
EndProject
Project("{2150E333-8FDC-42A3-9474-1A3956D46DE8}") = "Solution Items", "Solution Items", "{09906F47-71DF-4CAD-B85D-70C9385A2B97}"
	ProjectSection(SolutionItems) = preProject
		README.md = README.md
	EndProjectSection
EndProject
Project("{9A19103F-16F7-4668-BE54-9A1E7A4F7556}") = "TwitterStreamAnalytics.SharedKernel.Domain", "src\SharedKernel\TwitterStreamAnalytics.SharedKernel.Domain\TwitterStreamAnalytics.SharedKernel.Domain.csproj", "{541636FE-D11B-4427-8563-873DFCEDFFAC}"
EndProject
Project("{2150E333-8FDC-42A3-9474-1A3956D46DE8}") = "src", "src", "{59304C51-E0FF-4246-A74F-675B890E8BAD}"
EndProject
Project("{2150E333-8FDC-42A3-9474-1A3956D46DE8}") = "tests", "tests", "{FC9B217F-3640-4094-9469-0118C59717AF}"
EndProject
Project("{2150E333-8FDC-42A3-9474-1A3956D46DE8}") = "Api", "Api", "{AEBE9B3D-9C4C-4DF9-9814-1C0E273A0A78}"
EndProject
Project("{9A19103F-16F7-4668-BE54-9A1E7A4F7556}") = "TwitterStreamAnalytics.Api.Infrastructure.Tests", "tests\UnitTests\Api\TwitterStreamAnalytics.Api.Infrastructure.Tests\TwitterStreamAnalytics.Api.Infrastructure.Tests.csproj", "{5E0BA4E6-DDAF-4A68-95BB-BBEE450AD9A9}"
EndProject
Project("{2150E333-8FDC-42A3-9474-1A3956D46DE8}") = "UnitTests", "UnitTests", "{60FC1682-FD98-4242-8F58-011C1A89A514}"
EndProject
Project("{2150E333-8FDC-42A3-9474-1A3956D46DE8}") = "IntegrationTests", "IntegrationTests", "{FF9DF170-65E1-40DE-AF03-98FF615B3438}"
EndProject
Project("{9A19103F-16F7-4668-BE54-9A1E7A4F7556}") = "TwitterStreamAnalytics.Tests", "tests\IntegrationTests\TwitterStreamAnalytics.Tests\TwitterStreamAnalytics.Tests.csproj", "{DB1E266F-BBF8-4DDC-86D4-302933831AD9}"
EndProject
Project("{2150E333-8FDC-42A3-9474-1A3956D46DE8}") = "SharedKernel", "SharedKernel", "{80A4D7B3-9C1C-49FF-9D2D-F4E38AA9DE9A}"
EndProject
Project("{FAE04EC0-301F-11D3-BF4B-00C04F79EFBC}") = "TwitterStreamAnalytics.SharedKernel.Domain.Tests", "tests\UnitTests\SharedKernel\TwitterStreamAnalytics.SharedKernel.Domain.Tests\TwitterStreamAnalytics.SharedKernel.Domain.Tests.csproj", "{CF2ABBA9-CFA8-432C-BEFE-6E47A00C633D}"
EndProject
Global
	GlobalSection(SolutionConfigurationPlatforms) = preSolution
		Debug|Any CPU = Debug|Any CPU
		Release|Any CPU = Release|Any CPU
	EndGlobalSection
	GlobalSection(ProjectConfigurationPlatforms) = postSolution
		{ABB27936-3D38-4298-A52D-ACC4627359A7}.Debug|Any CPU.ActiveCfg = Debug|Any CPU
		{ABB27936-3D38-4298-A52D-ACC4627359A7}.Debug|Any CPU.Build.0 = Debug|Any CPU
		{ABB27936-3D38-4298-A52D-ACC4627359A7}.Release|Any CPU.ActiveCfg = Release|Any CPU
		{ABB27936-3D38-4298-A52D-ACC4627359A7}.Release|Any CPU.Build.0 = Release|Any CPU
		{53C6C98E-BEA2-4515-80B7-5B3D931E4E9C}.Debug|Any CPU.ActiveCfg = Debug|Any CPU
		{53C6C98E-BEA2-4515-80B7-5B3D931E4E9C}.Debug|Any CPU.Build.0 = Debug|Any CPU
		{53C6C98E-BEA2-4515-80B7-5B3D931E4E9C}.Release|Any CPU.ActiveCfg = Release|Any CPU
		{53C6C98E-BEA2-4515-80B7-5B3D931E4E9C}.Release|Any CPU.Build.0 = Release|Any CPU
		{CF15017C-1C81-429A-9782-722AE8B943CB}.Debug|Any CPU.ActiveCfg = Debug|Any CPU
		{CF15017C-1C81-429A-9782-722AE8B943CB}.Debug|Any CPU.Build.0 = Debug|Any CPU
		{CF15017C-1C81-429A-9782-722AE8B943CB}.Release|Any CPU.ActiveCfg = Release|Any CPU
		{CF15017C-1C81-429A-9782-722AE8B943CB}.Release|Any CPU.Build.0 = Release|Any CPU
		{58B693DD-F864-46C5-9C37-960F0FF53539}.Debug|Any CPU.ActiveCfg = Debug|Any CPU
		{58B693DD-F864-46C5-9C37-960F0FF53539}.Debug|Any CPU.Build.0 = Debug|Any CPU
		{58B693DD-F864-46C5-9C37-960F0FF53539}.Release|Any CPU.ActiveCfg = Release|Any CPU
		{58B693DD-F864-46C5-9C37-960F0FF53539}.Release|Any CPU.Build.0 = Release|Any CPU
		{3C6B140C-F91E-47C1-BE64-86674B671AF2}.Debug|Any CPU.ActiveCfg = Debug|Any CPU
		{3C6B140C-F91E-47C1-BE64-86674B671AF2}.Debug|Any CPU.Build.0 = Debug|Any CPU
		{3C6B140C-F91E-47C1-BE64-86674B671AF2}.Release|Any CPU.ActiveCfg = Release|Any CPU
		{3C6B140C-F91E-47C1-BE64-86674B671AF2}.Release|Any CPU.Build.0 = Release|Any CPU
		{BF807870-7272-4F5B-B1FE-86F1D92485EF}.Debug|Any CPU.ActiveCfg = Debug|Any CPU
		{BF807870-7272-4F5B-B1FE-86F1D92485EF}.Debug|Any CPU.Build.0 = Debug|Any CPU
		{BF807870-7272-4F5B-B1FE-86F1D92485EF}.Release|Any CPU.ActiveCfg = Release|Any CPU
		{BF807870-7272-4F5B-B1FE-86F1D92485EF}.Release|Any CPU.Build.0 = Release|Any CPU
		{6D633FF5-8F36-426B-8E79-58689719AAE5}.Debug|Any CPU.ActiveCfg = Debug|Any CPU
		{6D633FF5-8F36-426B-8E79-58689719AAE5}.Debug|Any CPU.Build.0 = Debug|Any CPU
		{6D633FF5-8F36-426B-8E79-58689719AAE5}.Release|Any CPU.ActiveCfg = Release|Any CPU
		{6D633FF5-8F36-426B-8E79-58689719AAE5}.Release|Any CPU.Build.0 = Release|Any CPU
		{16126EDE-7A1C-4B22-96A9-DFF0BDF9800A}.Debug|Any CPU.ActiveCfg = Debug|Any CPU
		{16126EDE-7A1C-4B22-96A9-DFF0BDF9800A}.Debug|Any CPU.Build.0 = Debug|Any CPU
		{16126EDE-7A1C-4B22-96A9-DFF0BDF9800A}.Release|Any CPU.ActiveCfg = Release|Any CPU
		{16126EDE-7A1C-4B22-96A9-DFF0BDF9800A}.Release|Any CPU.Build.0 = Release|Any CPU
		{541636FE-D11B-4427-8563-873DFCEDFFAC}.Debug|Any CPU.ActiveCfg = Debug|Any CPU
		{541636FE-D11B-4427-8563-873DFCEDFFAC}.Debug|Any CPU.Build.0 = Debug|Any CPU
		{541636FE-D11B-4427-8563-873DFCEDFFAC}.Release|Any CPU.ActiveCfg = Release|Any CPU
		{541636FE-D11B-4427-8563-873DFCEDFFAC}.Release|Any CPU.Build.0 = Release|Any CPU
		{5E0BA4E6-DDAF-4A68-95BB-BBEE450AD9A9}.Debug|Any CPU.ActiveCfg = Debug|Any CPU
		{5E0BA4E6-DDAF-4A68-95BB-BBEE450AD9A9}.Debug|Any CPU.Build.0 = Debug|Any CPU
		{5E0BA4E6-DDAF-4A68-95BB-BBEE450AD9A9}.Release|Any CPU.ActiveCfg = Release|Any CPU
		{5E0BA4E6-DDAF-4A68-95BB-BBEE450AD9A9}.Release|Any CPU.Build.0 = Release|Any CPU
		{DB1E266F-BBF8-4DDC-86D4-302933831AD9}.Debug|Any CPU.ActiveCfg = Debug|Any CPU
		{DB1E266F-BBF8-4DDC-86D4-302933831AD9}.Debug|Any CPU.Build.0 = Debug|Any CPU
		{DB1E266F-BBF8-4DDC-86D4-302933831AD9}.Release|Any CPU.ActiveCfg = Release|Any CPU
		{DB1E266F-BBF8-4DDC-86D4-302933831AD9}.Release|Any CPU.Build.0 = Release|Any CPU
		{CF2ABBA9-CFA8-432C-BEFE-6E47A00C633D}.Debug|Any CPU.ActiveCfg = Debug|Any CPU
		{CF2ABBA9-CFA8-432C-BEFE-6E47A00C633D}.Debug|Any CPU.Build.0 = Debug|Any CPU
		{CF2ABBA9-CFA8-432C-BEFE-6E47A00C633D}.Release|Any CPU.ActiveCfg = Release|Any CPU
		{CF2ABBA9-CFA8-432C-BEFE-6E47A00C633D}.Release|Any CPU.Build.0 = Release|Any CPU
	EndGlobalSection
	GlobalSection(SolutionProperties) = preSolution
		HideSolutionNode = FALSE
	EndGlobalSection
	GlobalSection(NestedProjects) = preSolution
		{ABB27936-3D38-4298-A52D-ACC4627359A7} = {FEC5F89A-E479-431E-84CA-7ACB64CD5981}
		{53C6C98E-BEA2-4515-80B7-5B3D931E4E9C} = {FEC5F89A-E479-431E-84CA-7ACB64CD5981}
		{CF15017C-1C81-429A-9782-722AE8B943CB} = {FEC5F89A-E479-431E-84CA-7ACB64CD5981}
		{FEC5F89A-E479-431E-84CA-7ACB64CD5981} = {59304C51-E0FF-4246-A74F-675B890E8BAD}
		{537C7FEF-032C-4607-BA78-79B4DA249F2E} = {59304C51-E0FF-4246-A74F-675B890E8BAD}
		{DD318E6E-9F9D-49B8-8686-6A65D302D1CB} = {59304C51-E0FF-4246-A74F-675B890E8BAD}
		{58B693DD-F864-46C5-9C37-960F0FF53539} = {537C7FEF-032C-4607-BA78-79B4DA249F2E}
		{3C6B140C-F91E-47C1-BE64-86674B671AF2} = {537C7FEF-032C-4607-BA78-79B4DA249F2E}
		{BF807870-7272-4F5B-B1FE-86F1D92485EF} = {537C7FEF-032C-4607-BA78-79B4DA249F2E}
		{6D633FF5-8F36-426B-8E79-58689719AAE5} = {DD318E6E-9F9D-49B8-8686-6A65D302D1CB}
		{16126EDE-7A1C-4B22-96A9-DFF0BDF9800A} = {DD318E6E-9F9D-49B8-8686-6A65D302D1CB}
		{541636FE-D11B-4427-8563-873DFCEDFFAC} = {DD318E6E-9F9D-49B8-8686-6A65D302D1CB}
		{AEBE9B3D-9C4C-4DF9-9814-1C0E273A0A78} = {60FC1682-FD98-4242-8F58-011C1A89A514}
		{5E0BA4E6-DDAF-4A68-95BB-BBEE450AD9A9} = {AEBE9B3D-9C4C-4DF9-9814-1C0E273A0A78}
		{60FC1682-FD98-4242-8F58-011C1A89A514} = {FC9B217F-3640-4094-9469-0118C59717AF}
		{FF9DF170-65E1-40DE-AF03-98FF615B3438} = {FC9B217F-3640-4094-9469-0118C59717AF}
		{DB1E266F-BBF8-4DDC-86D4-302933831AD9} = {FF9DF170-65E1-40DE-AF03-98FF615B3438}
		{80A4D7B3-9C1C-49FF-9D2D-F4E38AA9DE9A} = {60FC1682-FD98-4242-8F58-011C1A89A514}
		{CF2ABBA9-CFA8-432C-BEFE-6E47A00C633D} = {80A4D7B3-9C1C-49FF-9D2D-F4E38AA9DE9A}
	EndGlobalSection
	GlobalSection(ExtensibilityGlobals) = postSolution
		SolutionGuid = {5CE718B4-43E2-4571-9798-68A7C691D8E1}
	EndGlobalSection
EndGlobal
